
Microsoft Visual Studio Solution File, Format Version 12.00
# Visual Studio 2013
VisualStudioVersion = 12.0.30501.0
MinimumVisualStudioVersion = 10.0.40219.1
Project("{8BC9CEB8-8B4A-11D0-8D11-00A0C91BC942}") = "MJB.ProjectTwo.v01", "MJB.ProjectTwo.v01\MJB.ProjectTwo.v01.vcxproj", "{68392DE3-F12C-44F0-82FA-D770AF57D75C}"
EndProject
Global
	GlobalSection(SolutionConfigurationPlatforms) = preSolution
		Debug|Win32 = Debug|Win32
		Release|Win32 = Release|Win32
	EndGlobalSection
	GlobalSection(ProjectConfigurationPlatforms) = postSolution
		{68392DE3-F12C-44F0-82FA-D770AF57D75C}.Debug|Win32.ActiveCfg = Debug|Win32
		{68392DE3-F12C-44F0-82FA-D770AF57D75C}.Debug|Win32.Build.0 = Debug|Win32
		{68392DE3-F12C-44F0-82FA-D770AF57D75C}.Release|Win32.ActiveCfg = Release|Win32
		{68392DE3-F12C-44F0-82FA-D770AF57D75C}.Release|Win32.Build.0 = Release|Win32
	EndGlobalSection
	GlobalSection(SolutionProperties) = preSolution
		HideSolutionNode = FALSE
	EndGlobalSection
EndGlobal
